
Microsoft Visual Studio Solution File, Format Version 12.00
Project("{FAE04EC0-301F-11D3-BF4B-00C04F79EFBC}") = "MediaInput", "MediaInput\MediaInput.csproj", "{8ADECA5C-414F-46D8-BF21-0C21BCBE6943}"
EndProject
Global
	GlobalSection(SolutionConfigurationPlatforms) = preSolution
		Debug|Any CPU = Debug|Any CPU
		Release|Any CPU = Release|Any CPU
	EndGlobalSection
	GlobalSection(ProjectConfigurationPlatforms) = postSolution
		{8ADECA5C-414F-46D8-BF21-0C21BCBE6943}.Debug|Any CPU.ActiveCfg = Debug|Any CPU
		{8ADECA5C-414F-46D8-BF21-0C21BCBE6943}.Debug|Any CPU.Build.0 = Debug|Any CPU
		{8ADECA5C-414F-46D8-BF21-0C21BCBE6943}.Release|Any CPU.ActiveCfg = Release|Any CPU
		{8ADECA5C-414F-46D8-BF21-0C21BCBE6943}.Release|Any CPU.Build.0 = Release|Any CPU
	EndGlobalSection
EndGlobal
