
Microsoft Visual Studio Solution File, Format Version 12.00
# Visual Studio Version 16
VisualStudioVersion = 16.0.30011.22
MinimumVisualStudioVersion = 10.0.40219.1
Project("{9A19103F-16F7-4668-BE54-9A1E7A4F7556}") = "MediaInput", "MediaInput\MediaInput.csproj", "{8ADECA5C-414F-46D8-BF21-0C21BCBE6943}"
EndProject
Project("{9A19103F-16F7-4668-BE54-9A1E7A4F7556}") = "API", "API\API.csproj", "{8AD8955E-A2FA-4180-94B7-53409C27E4D3}"
EndProject
Global
	GlobalSection(SolutionConfigurationPlatforms) = preSolution
		Debug|Any CPU = Debug|Any CPU
		Release|Any CPU = Release|Any CPU
	EndGlobalSection
	GlobalSection(ProjectConfigurationPlatforms) = postSolution
		{8ADECA5C-414F-46D8-BF21-0C21BCBE6943}.Debug|Any CPU.ActiveCfg = Debug|Any CPU
		{8ADECA5C-414F-46D8-BF21-0C21BCBE6943}.Debug|Any CPU.Build.0 = Debug|Any CPU
		{8ADECA5C-414F-46D8-BF21-0C21BCBE6943}.Release|Any CPU.ActiveCfg = Release|Any CPU
		{8ADECA5C-414F-46D8-BF21-0C21BCBE6943}.Release|Any CPU.Build.0 = Release|Any CPU
		{8AD8955E-A2FA-4180-94B7-53409C27E4D3}.Debug|Any CPU.ActiveCfg = Debug|Any CPU
		{8AD8955E-A2FA-4180-94B7-53409C27E4D3}.Debug|Any CPU.Build.0 = Debug|Any CPU
		{8AD8955E-A2FA-4180-94B7-53409C27E4D3}.Release|Any CPU.ActiveCfg = Release|Any CPU
		{8AD8955E-A2FA-4180-94B7-53409C27E4D3}.Release|Any CPU.Build.0 = Release|Any CPU
	EndGlobalSection
	GlobalSection(SolutionProperties) = preSolution
		HideSolutionNode = FALSE
	EndGlobalSection
	GlobalSection(ExtensibilityGlobals) = postSolution
		SolutionGuid = {E094E08E-5513-4E82-AE60-3AE2158D08A4}
	EndGlobalSection
EndGlobal
